
Microsoft Visual Studio Solution File, Format Version 12.00
# Visual Studio 2012
Project("{8BC9CEB8-8B4A-11D0-8D11-00A0C91BC942}") = "Absolute Permutation", "Absolute Permutation\Absolute Permutation.vcxproj", "{5B4B16BB-DC05-4D97-A9F0-2BB844F7F37D}"
EndProject
Global
	GlobalSection(SolutionConfigurationPlatforms) = preSolution
		Debug|Win32 = Debug|Win32
		Release|Win32 = Release|Win32
	EndGlobalSection
	GlobalSection(ProjectConfigurationPlatforms) = postSolution
		{5B4B16BB-DC05-4D97-A9F0-2BB844F7F37D}.Debug|Win32.ActiveCfg = Debug|Win32
		{5B4B16BB-DC05-4D97-A9F0-2BB844F7F37D}.Debug|Win32.Build.0 = Debug|Win32
		{5B4B16BB-DC05-4D97-A9F0-2BB844F7F37D}.Release|Win32.ActiveCfg = Release|Win32
		{5B4B16BB-DC05-4D97-A9F0-2BB844F7F37D}.Release|Win32.Build.0 = Release|Win32
	EndGlobalSection
	GlobalSection(SolutionProperties) = preSolution
		HideSolutionNode = FALSE
	EndGlobalSection
EndGlobal
