
Microsoft Visual Studio Solution File, Format Version 12.00
# Visual Studio 2012
Project("{8BC9CEB8-8B4A-11D0-8D11-00A0C91BC942}") = "The Great XOR", "The Great XOR\The Great XOR.vcxproj", "{9D16C346-7247-4B20-BED8-11F3F76D7B95}"
EndProject
Global
	GlobalSection(SolutionConfigurationPlatforms) = preSolution
		Debug|Win32 = Debug|Win32
		Release|Win32 = Release|Win32
	EndGlobalSection
	GlobalSection(ProjectConfigurationPlatforms) = postSolution
		{9D16C346-7247-4B20-BED8-11F3F76D7B95}.Debug|Win32.ActiveCfg = Debug|Win32
		{9D16C346-7247-4B20-BED8-11F3F76D7B95}.Debug|Win32.Build.0 = Debug|Win32
		{9D16C346-7247-4B20-BED8-11F3F76D7B95}.Release|Win32.ActiveCfg = Release|Win32
		{9D16C346-7247-4B20-BED8-11F3F76D7B95}.Release|Win32.Build.0 = Release|Win32
	EndGlobalSection
	GlobalSection(SolutionProperties) = preSolution
		HideSolutionNode = FALSE
	EndGlobalSection
EndGlobal
